
Microsoft Visual Studio Solution File, Format Version 12.00
# Visual Studio 15
VisualStudioVersion = 15.0.27703.2018
MinimumVisualStudioVersion = 10.0.40219.1
Project("{FAE04EC0-301F-11D3-BF4B-00C04F79EFBC}") = "HC.Identify.App", "HC.Identify.App\HC.Identify.App.csproj", "{855D6484-520B-4C6E-B975-DE0957994496}"
EndProject
Project("{FAE04EC0-301F-11D3-BF4B-00C04F79EFBC}") = "HC.Identify.EntityFramework", "HC.Identify.EntityFramework\HC.Identify.EntityFramework.csproj", "{3DFD3E0A-59EA-4E97-8075-3ACA7C065FBB}"
EndProject
Project("{FAE04EC0-301F-11D3-BF4B-00C04F79EFBC}") = "HC.Identify.Core", "HC.Identify.Core\HC.Identify.Core.csproj", "{69A0AC23-8897-46DF-BDAA-63DD3C510A96}"
EndProject
Project("{FAE04EC0-301F-11D3-BF4B-00C04F79EFBC}") = "HC.Identify.Dto", "HC.Identify.Dto\HC.Identify.Dto.csproj", "{BE50F75C-A99A-432D-ABDA-4CA3A75F4F2F}"
EndProject
Project("{FAE04EC0-301F-11D3-BF4B-00C04F79EFBC}") = "HC.Identify.Application", "HC.Identify.Application\HC.Identify.Application.csproj", "{15F7EB09-C9FE-4B4D-A39D-9D64253D4323}"
EndProject
Global
	GlobalSection(SolutionConfigurationPlatforms) = preSolution
		Debug|Any CPU = Debug|Any CPU
		Release|Any CPU = Release|Any CPU
	EndGlobalSection
	GlobalSection(ProjectConfigurationPlatforms) = postSolution
		{855D6484-520B-4C6E-B975-DE0957994496}.Debug|Any CPU.ActiveCfg = Debug|Any CPU
		{855D6484-520B-4C6E-B975-DE0957994496}.Debug|Any CPU.Build.0 = Debug|Any CPU
		{855D6484-520B-4C6E-B975-DE0957994496}.Release|Any CPU.ActiveCfg = Release|Any CPU
		{855D6484-520B-4C6E-B975-DE0957994496}.Release|Any CPU.Build.0 = Release|Any CPU
		{3DFD3E0A-59EA-4E97-8075-3ACA7C065FBB}.Debug|Any CPU.ActiveCfg = Debug|Any CPU
		{3DFD3E0A-59EA-4E97-8075-3ACA7C065FBB}.Debug|Any CPU.Build.0 = Debug|Any CPU
		{3DFD3E0A-59EA-4E97-8075-3ACA7C065FBB}.Release|Any CPU.ActiveCfg = Release|Any CPU
		{3DFD3E0A-59EA-4E97-8075-3ACA7C065FBB}.Release|Any CPU.Build.0 = Release|Any CPU
		{69A0AC23-8897-46DF-BDAA-63DD3C510A96}.Debug|Any CPU.ActiveCfg = Debug|Any CPU
		{69A0AC23-8897-46DF-BDAA-63DD3C510A96}.Debug|Any CPU.Build.0 = Debug|Any CPU
		{69A0AC23-8897-46DF-BDAA-63DD3C510A96}.Release|Any CPU.ActiveCfg = Release|Any CPU
		{69A0AC23-8897-46DF-BDAA-63DD3C510A96}.Release|Any CPU.Build.0 = Release|Any CPU
		{BE50F75C-A99A-432D-ABDA-4CA3A75F4F2F}.Debug|Any CPU.ActiveCfg = Debug|Any CPU
		{BE50F75C-A99A-432D-ABDA-4CA3A75F4F2F}.Debug|Any CPU.Build.0 = Debug|Any CPU
		{BE50F75C-A99A-432D-ABDA-4CA3A75F4F2F}.Release|Any CPU.ActiveCfg = Release|Any CPU
		{BE50F75C-A99A-432D-ABDA-4CA3A75F4F2F}.Release|Any CPU.Build.0 = Release|Any CPU
		{15F7EB09-C9FE-4B4D-A39D-9D64253D4323}.Debug|Any CPU.ActiveCfg = Debug|Any CPU
		{15F7EB09-C9FE-4B4D-A39D-9D64253D4323}.Debug|Any CPU.Build.0 = Debug|Any CPU
		{15F7EB09-C9FE-4B4D-A39D-9D64253D4323}.Release|Any CPU.ActiveCfg = Release|Any CPU
		{15F7EB09-C9FE-4B4D-A39D-9D64253D4323}.Release|Any CPU.Build.0 = Release|Any CPU
	EndGlobalSection
	GlobalSection(SolutionProperties) = preSolution
		HideSolutionNode = FALSE
	EndGlobalSection
	GlobalSection(ExtensibilityGlobals) = postSolution
		SolutionGuid = {D23B15B1-E222-46F9-AF3D-CC9D03A609CB}
	EndGlobalSection
EndGlobal
